
Microsoft Visual Studio Solution File, Format Version 12.00
# Visual Studio Version 16
VisualStudioVersion = 16.0.30114.105
MinimumVisualStudioVersion = 10.0.40219.1
Project("{FAE04EC0-301F-11D3-BF4B-00C04F79EFBC}") = "ElasticsearchIssuesDemo", "ElasticsearchIssuesDemo\ElasticsearchIssuesDemo.csproj", "{59E95BA8-7547-46B6-A2D8-D2B66F1ABAC3}"
EndProject
Global
	GlobalSection(SolutionConfigurationPlatforms) = preSolution
		Debug|Any CPU = Debug|Any CPU
		Release|Any CPU = Release|Any CPU
	EndGlobalSection
	GlobalSection(ProjectConfigurationPlatforms) = postSolution
		{59E95BA8-7547-46B6-A2D8-D2B66F1ABAC3}.Debug|Any CPU.ActiveCfg = Debug|Any CPU
		{59E95BA8-7547-46B6-A2D8-D2B66F1ABAC3}.Debug|Any CPU.Build.0 = Debug|Any CPU
		{59E95BA8-7547-46B6-A2D8-D2B66F1ABAC3}.Release|Any CPU.ActiveCfg = Release|Any CPU
		{59E95BA8-7547-46B6-A2D8-D2B66F1ABAC3}.Release|Any CPU.Build.0 = Release|Any CPU
	EndGlobalSection
	GlobalSection(SolutionProperties) = preSolution
		HideSolutionNode = FALSE
	EndGlobalSection
	GlobalSection(ExtensibilityGlobals) = postSolution
		SolutionGuid = {3D12233A-0451-407A-A842-3F29BED56CCB}
	EndGlobalSection
EndGlobal
